
Microsoft Visual Studio Solution File, Format Version 12.00
# Visual Studio Version 16
VisualStudioVersion = 16.0.29806.167
MinimumVisualStudioVersion = 10.0.40219.1
Project("{FAE04EC0-301F-11D3-BF4B-00C04F79EFBC}") = "String Calculator Kata", "String Calculator Kata\String Calculator Kata.csproj", "{95CC2E06-0B45-4CA1-9E7A-E5C8A93B8F6B}"
EndProject
Project("{FAE04EC0-301F-11D3-BF4B-00C04F79EFBC}") = "StringCalculatorTests", "StringCalculatorTests\StringCalculatorTests.csproj", "{C58A0BBE-EEEF-410E-B43E-1C8117A7798C}"
EndProject
Global
	GlobalSection(SolutionConfigurationPlatforms) = preSolution
		Debug|Any CPU = Debug|Any CPU
		Release|Any CPU = Release|Any CPU
	EndGlobalSection
	GlobalSection(ProjectConfigurationPlatforms) = postSolution
		{95CC2E06-0B45-4CA1-9E7A-E5C8A93B8F6B}.Debug|Any CPU.ActiveCfg = Debug|Any CPU
		{95CC2E06-0B45-4CA1-9E7A-E5C8A93B8F6B}.Debug|Any CPU.Build.0 = Debug|Any CPU
		{95CC2E06-0B45-4CA1-9E7A-E5C8A93B8F6B}.Release|Any CPU.ActiveCfg = Release|Any CPU
		{95CC2E06-0B45-4CA1-9E7A-E5C8A93B8F6B}.Release|Any CPU.Build.0 = Release|Any CPU
		{C58A0BBE-EEEF-410E-B43E-1C8117A7798C}.Debug|Any CPU.ActiveCfg = Debug|Any CPU
		{C58A0BBE-EEEF-410E-B43E-1C8117A7798C}.Debug|Any CPU.Build.0 = Debug|Any CPU
		{C58A0BBE-EEEF-410E-B43E-1C8117A7798C}.Release|Any CPU.ActiveCfg = Release|Any CPU
		{C58A0BBE-EEEF-410E-B43E-1C8117A7798C}.Release|Any CPU.Build.0 = Release|Any CPU
	EndGlobalSection
	GlobalSection(SolutionProperties) = preSolution
		HideSolutionNode = FALSE
	EndGlobalSection
	GlobalSection(ExtensibilityGlobals) = postSolution
		SolutionGuid = {25BE9C86-4348-47FF-AF81-B6821A9004F2}
	EndGlobalSection
EndGlobal
